<?xml version="1.0" encoding="utf-8"?>
<Project ToolsVersion="4.0" xmlns="http://schemas.microsoft.com/developer/msbuild/2003">
  <ItemGroup>
    <ClCompile Include="CentipedeGameApp.cpp">
      <Filter>Source</Filter>
    </ClCompile>
    <ClCompile Include="main.cpp">
      <Filter>Source</Filter>
    </ClCompile>
    <ClCompile Include="Scene.cpp">
      <Filter>Source\Scenes</Filter>
    </ClCompile>
    <ClCompile Include="MenuScene.cpp">
      <Filter>Source\Scenes</Filter>
    </ClCompile>
    <ClCompile Include="GameScene.cpp">
      <Filter>Source\Scenes</Filter>
    </ClCompile>
    <ClCompile Include="ListScene.cpp">
      <Filter>Source\Scenes</Filter>
    </ClCompile>
    <ClCompile Include="Sprite.cpp">
      <Filter>Source\GameObjects</Filter>
    </ClCompile>
    <ClCompile Include="Player.cpp">
      <Filter>Source\GameObjects</Filter>
    </ClCompile>
    <ClCompile Include="BinaryTreeScene.cpp">
      <Filter>Source\Scenes</Filter>
    </ClCompile>
    <ClCompile Include="LinkedListScene.cpp">
      <Filter>Source\Scenes</Filter>
    </ClCompile>
    <ClCompile Include="StackScene.cpp">
      <Filter>Source\Scenes</Filter>
    </ClCompile>
    <ClCompile Include="DequeueScene.cpp">
      <Filter>Source\Scenes</Filter>
    </ClCompile>
    <ClCompile Include="Segment.cpp">
      <Filter>Source\GameObjects</Filter>
    </ClCompile>
    <ClCompile Include="CentipedeController.cpp">
      <Filter>Source\GameObjects</Filter>
    </ClCompile>
    <ClCompile Include="Centipede.cpp">
      <Filter>Source\GameObjects</Filter>
    </ClCompile>
    <ClCompile Include="HashScene.cpp">
      <Filter>Source\Scenes</Filter>
    </ClCompile>
    <ClCompile Include="QuadTreeScene.cpp">
      <Filter>Source\Scenes</Filter>
    </ClCompile>
  </ItemGroup>
  <ItemGroup>
    <ClInclude Include="CentipedeGameApp.h">
      <Filter>Headers</Filter>
    </ClInclude>
    <ClInclude Include="Point2D.h">
      <Filter>Headers</Filter>
    </ClInclude>
    <ClInclude Include="ListScene.h">
      <Filter>Headers\Scenes</Filter>
    </ClInclude>
    <ClInclude Include="GameScene.h">
      <Filter>Headers\Scenes</Filter>
    </ClInclude>
    <ClInclude Include="Scene.h">
      <Filter>Headers\Scenes</Filter>
    </ClInclude>
    <ClInclude Include="MenuScene.h">
      <Filter>Headers\Scenes</Filter>
    </ClInclude>
    <ClInclude Include="Stack.h">
      <Filter>Headers\Containers</Filter>
    </ClInclude>
    <ClInclude Include="BinaryTree.h">
      <Filter>Headers\Containers</Filter>
    </ClInclude>
    <ClInclude Include="Dequeue.h">
      <Filter>Headers\Containers</Filter>
    </ClInclude>
    <ClInclude Include="LinkedList.h">
      <Filter>Headers\Containers</Filter>
    </ClInclude>
    <ClInclude Include="DynamicList.h">
      <Filter>Headers\Containers</Filter>
    </ClInclude>
    <ClInclude Include="Sprite.h">
      <Filter>Headers\GameObjects</Filter>
    </ClInclude>
    <ClInclude Include="Player.h">
      <Filter>Headers\GameObjects</Filter>
    </ClInclude>
    <ClInclude Include="BinaryTreeScene.h">
      <Filter>Headers\Scenes</Filter>
    </ClInclude>
    <ClInclude Include="LinkedListScene.h">
      <Filter>Headers\Scenes</Filter>
    </ClInclude>
    <ClInclude Include="StackScene.h">
      <Filter>Headers\Scenes</Filter>
    </ClInclude>
    <ClInclude Include="DequeueScene.h">
      <Filter>Headers\Scenes</Filter>
    </ClInclude>
    <ClInclude Include="Centipede.h">
      <Filter>Headers\GameObjects</Filter>
    </ClInclude>
    <ClInclude Include="BinaryHeap.h">
      <Filter>Headers\Containers</Filter>
    </ClInclude>
    <ClInclude Include="QuadTree.h">
      <Filter>Headers\Containers</Filter>
    </ClInclude>
    <ClInclude Include="HashFunction.h">
      <Filter>Headers</Filter>
    </ClInclude>
    <ClInclude Include="HashScene.h">
      <Filter>Headers\Scenes</Filter>
    </ClInclude>
    <ClInclude Include="QuadTreeScene.h">
      <Filter>Headers\Scenes</Filter>
    </ClInclude>
  </ItemGroup>
  <ItemGroup>
    <Filter Include="Source">
      <UniqueIdentifier>{27974666-519e-48cb-8cc4-455d8762d527}</UniqueIdentifier>
    </Filter>
    <Filter Include="Headers">
      <UniqueIdentifier>{f6cd81a9-c982-42af-8cb0-625f41d71008}</UniqueIdentifier>
    </Filter>
    <Filter Include="Headers\Scenes">
      <UniqueIdentifier>{a15d774e-4bf6-4163-84f9-f25538bca000}</UniqueIdentifier>
    </Filter>
    <Filter Include="Source\Scenes">
      <UniqueIdentifier>{880dc0f0-dc48-44f9-9728-b6483bbe0b09}</UniqueIdentifier>
    </Filter>
    <Filter Include="Headers\Containers">
      <UniqueIdentifier>{5eb2ea2d-f485-438c-9831-143c38f9413d}</UniqueIdentifier>
    </Filter>
    <Filter Include="Headers\GameObjects">
      <UniqueIdentifier>{8fa23d6a-9320-486d-86cc-9a81543dd63b}</UniqueIdentifier>
    </Filter>
    <Filter Include="Source\GameObjects">
      <UniqueIdentifier>{a5004e23-15c0-4da2-9d8e-778b49a27ae9}</UniqueIdentifier>
    </Filter>
  </ItemGroup>
</Project>